
Microsoft Visual Studio Solution File, Format Version 12.00
# Visual Studio Version 16
VisualStudioVersion = 16.0.29123.88
MinimumVisualStudioVersion = 10.0.40219.1
Project("{FAE04EC0-301F-11D3-BF4B-00C04F79EFBC}") = "jsBase64Upload", "jsBase64Upload\jsBase64Upload.csproj", "{471EAB3D-8CB8-4AEA-9212-9A57986AA2AD}"
EndProject
Global
	GlobalSection(SolutionConfigurationPlatforms) = preSolution
		Debug|Any CPU = Debug|Any CPU
		Release|Any CPU = Release|Any CPU
	EndGlobalSection
	GlobalSection(ProjectConfigurationPlatforms) = postSolution
		{471EAB3D-8CB8-4AEA-9212-9A57986AA2AD}.Debug|Any CPU.ActiveCfg = Debug|Any CPU
		{471EAB3D-8CB8-4AEA-9212-9A57986AA2AD}.Debug|Any CPU.Build.0 = Debug|Any CPU
		{471EAB3D-8CB8-4AEA-9212-9A57986AA2AD}.Release|Any CPU.ActiveCfg = Release|Any CPU
		{471EAB3D-8CB8-4AEA-9212-9A57986AA2AD}.Release|Any CPU.Build.0 = Release|Any CPU
	EndGlobalSection
	GlobalSection(SolutionProperties) = preSolution
		HideSolutionNode = FALSE
	EndGlobalSection
	GlobalSection(ExtensibilityGlobals) = postSolution
		SolutionGuid = {1B5CA721-A599-4A20-BD0C-1B8E8BCCE902}
	EndGlobalSection
EndGlobal
